<?xml version="1.0" encoding="utf-8"?>
<Project ToolsVersion="4.0" xmlns="http://schemas.microsoft.com/developer/msbuild/2003">
  <ItemGroup>
    <Filter Include="ソース ファイル">
      <UniqueIdentifier>{4FC737F1-C7A5-4376-A066-2A32D752A2FF}</UniqueIdentifier>
      <Extensions>cpp;c;cc;cxx;def;odl;idl;hpj;bat;asm;asmx</Extensions>
    </Filter>
    <Filter Include="ヘッダー ファイル">
      <UniqueIdentifier>{93995380-89BD-4b04-88EB-625FBE52EBFB}</UniqueIdentifier>
      <Extensions>h;hh;hpp;hxx;hm;inl;inc;ipp;xsd</Extensions>
    </Filter>
    <Filter Include="リソース ファイル">
      <UniqueIdentifier>{67DA6AB6-F800-4c08-8B7A-83BB121AAD01}</UniqueIdentifier>
      <Extensions>rc;ico;cur;bmp;dlg;rc2;rct;bin;rgs;gif;jpg;jpeg;jpe;resx;tiff;tif;png;wav;mfcribbon-ms</Extensions>
    </Filter>
    <Filter Include="ソース ファイル\game_object">
      <UniqueIdentifier>{72f3acee-9a42-46c1-9a69-bb4e81ee29ee}</UniqueIdentifier>
    </Filter>
    <Filter Include="ソース ファイル\scene">
      <UniqueIdentifier>{5ac10d47-f193-4bb6-8572-c8e5b18a42bd}</UniqueIdentifier>
    </Filter>
    <Filter Include="ソース ファイル\system">
      <UniqueIdentifier>{5eb8149d-6691-4ac2-b8c8-c7e4b322a574}</UniqueIdentifier>
    </Filter>
    <Filter Include="ソース ファイル\shader">
      <UniqueIdentifier>{1d08be3d-1afa-4d9a-9ace-6bedb7d9f510}</UniqueIdentifier>
    </Filter>
  </ItemGroup>
  <ItemGroup>
    <ClInclude Include="scene.h">
      <Filter>ソース ファイル\scene</Filter>
    </ClInclude>
    <ClInclude Include="camera.h">
      <Filter>ソース ファイル\game_object</Filter>
    </ClInclude>
    <ClInclude Include="field.h">
      <Filter>ソース ファイル\game_object</Filter>
    </ClInclude>
    <ClInclude Include="gameObject.h">
      <Filter>ソース ファイル\game_object</Filter>
    </ClInclude>
    <ClInclude Include="model.h">
      <Filter>ソース ファイル\game_object</Filter>
    </ClInclude>
    <ClInclude Include="player.h">
      <Filter>ソース ファイル\game_object</Filter>
    </ClInclude>
    <ClInclude Include="polygon2D.h">
      <Filter>ソース ファイル\game_object</Filter>
    </ClInclude>
    <ClInclude Include="main.h">
      <Filter>ソース ファイル\system</Filter>
    </ClInclude>
    <ClInclude Include="manager.h">
      <Filter>ソース ファイル\system</Filter>
    </ClInclude>
    <ClInclude Include="renderer.h">
      <Filter>ソース ファイル\system</Filter>
    </ClInclude>
    <ClInclude Include="enemy.h">
      <Filter>ソース ファイル\game_object</Filter>
    </ClInclude>
    <ClInclude Include="bullet.h">
      <Filter>ソース ファイル\game_object</Filter>
    </ClInclude>
    <ClInclude Include="input.h">
      <Filter>ソース ファイル\system</Filter>
    </ClInclude>
    <ClInclude Include="modelManager.h">
      <Filter>ソース ファイル\system</Filter>
    </ClInclude>
    <ClInclude Include="effect.h">
      <Filter>ソース ファイル\game_object</Filter>
    </ClInclude>
    <ClInclude Include="skybox.h">
      <Filter>ソース ファイル\game_object</Filter>
    </ClInclude>
    <ClInclude Include="shadow.h">
      <Filter>ソース ファイル\game_object</Filter>
    </ClInclude>
    <ClInclude Include="title.h">
      <Filter>ソース ファイル\scene</Filter>
    </ClInclude>
    <ClInclude Include="game.h">
      <Filter>ソース ファイル\scene</Filter>
    </ClInclude>
    <ClInclude Include="result.h">
      <Filter>ソース ファイル\scene</Filter>
    </ClInclude>
    <ClInclude Include="titleField.h">
      <Filter>ソース ファイル\game_object</Filter>
    </ClInclude>
    <ClInclude Include="audio.h">
      <Filter>ソース ファイル\system</Filter>
    </ClInclude>
    <ClInclude Include="resultField.h">
      <Filter>ソース ファイル\game_object</Filter>
    </ClInclude>
    <ClInclude Include="soundManager.h">
      <Filter>ソース ファイル\system</Filter>
    </ClInclude>
    <ClInclude Include="fieldModel.h">
      <Filter>ソース ファイル\game_object</Filter>
    </ClInclude>
  </ItemGroup>
  <ItemGroup>
    <ClCompile Include="camera.cpp">
      <Filter>ソース ファイル\game_object</Filter>
    </ClCompile>
    <ClCompile Include="field.cpp">
      <Filter>ソース ファイル\game_object</Filter>
    </ClCompile>
    <ClCompile Include="model.cpp">
      <Filter>ソース ファイル\game_object</Filter>
    </ClCompile>
    <ClCompile Include="player.cpp">
      <Filter>ソース ファイル\game_object</Filter>
    </ClCompile>
    <ClCompile Include="polygon2D.cpp">
      <Filter>ソース ファイル\game_object</Filter>
    </ClCompile>
    <ClCompile Include="main.cpp">
      <Filter>ソース ファイル\system</Filter>
    </ClCompile>
    <ClCompile Include="manager.cpp">
      <Filter>ソース ファイル\system</Filter>
    </ClCompile>
    <ClCompile Include="renderer.cpp">
      <Filter>ソース ファイル\system</Filter>
    </ClCompile>
    <ClCompile Include="enemy.cpp">
      <Filter>ソース ファイル\game_object</Filter>
    </ClCompile>
    <ClCompile Include="bullet.cpp">
      <Filter>ソース ファイル\game_object</Filter>
    </ClCompile>
    <ClCompile Include="input.cpp">
      <Filter>ソース ファイル\system</Filter>
    </ClCompile>
    <ClCompile Include="effect.cpp">
      <Filter>ソース ファイル\game_object</Filter>
    </ClCompile>
    <ClCompile Include="skybox.cpp">
      <Filter>ソース ファイル\game_object</Filter>
    </ClCompile>
    <ClCompile Include="shadow.cpp">
      <Filter>ソース ファイル\game_object</Filter>
    </ClCompile>
    <ClCompile Include="game.cpp">
      <Filter>ソース ファイル\scene</Filter>
    </ClCompile>
    <ClCompile Include="title.cpp">
      <Filter>ソース ファイル\scene</Filter>
    </ClCompile>
    <ClCompile Include="result.cpp">
      <Filter>ソース ファイル\scene</Filter>
    </ClCompile>
    <ClCompile Include="modelManager.cpp">
      <Filter>ソース ファイル\system</Filter>
    </ClCompile>
    <ClCompile Include="titleField.cpp">
      <Filter>ソース ファイル\game_object</Filter>
    </ClCompile>
    <ClCompile Include="audio.cpp">
      <Filter>ソース ファイル\system</Filter>
    </ClCompile>
    <ClCompile Include="resultField.cpp">
      <Filter>ソース ファイル\game_object</Filter>
    </ClCompile>
    <ClCompile Include="soundManager.cpp">
      <Filter>ソース ファイル\system</Filter>
    </ClCompile>
    <ClCompile Include="fieldModel.cpp">
      <Filter>ソース ファイル\game_object</Filter>
    </ClCompile>
  </ItemGroup>
  <ItemGroup>
    <FxCompile Include="common.hlsl">
      <Filter>ソース ファイル\shader</Filter>
    </FxCompile>
    <FxCompile Include="unlitTextureVS.hlsl">
      <Filter>ソース ファイル\shader</Filter>
    </FxCompile>
    <FxCompile Include="unlitTexturePS.hlsl">
      <Filter>ソース ファイル\shader</Filter>
    </FxCompile>
    <FxCompile Include="vertexLightingPS.hlsl">
      <Filter>ソース ファイル\shader</Filter>
    </FxCompile>
    <FxCompile Include="vertexLightingVS.hlsl">
      <Filter>ソース ファイル\shader</Filter>
    </FxCompile>
    <FxCompile Include="PerlinNoise.hlsl">
      <Filter>ソース ファイル\shader</Filter>
    </FxCompile>
    <FxCompile Include="skyboxPS.hlsl">
      <Filter>ソース ファイル\shader</Filter>
    </FxCompile>
    <FxCompile Include="skyboxVS.hlsl">
      <Filter>ソース ファイル\shader</Filter>
    </FxCompile>
    <FxCompile Include="skyboxPS_test.hlsl">
      <Filter>ソース ファイル\shader</Filter>
    </FxCompile>
  </ItemGroup>
</Project>